// !$*UTF8*$!
{
	archiveVersion = 1;
	classes = {
	};
	objectVersion = 51;
	objects = {

/* Begin PBXBuildFile section */
		52509181235E0076009E1022 /* GoogleService-Info.plist in Resources */ = {isa = PBXBuildFile; fileRef = 52509180235E0076009E1022 /* GoogleService-Info.plist */; };
		52E98C0022FDBEF800F3B537 /* AppDelegate.swift in Sources */ = {isa = PBXBuildFile; fileRef = 52E98BFF22FDBEF800F3B537 /* AppDelegate.swift */; };
		52E98C0222FDBEF800F3B537 /* ViewController.swift in Sources */ = {isa = PBXBuildFile; fileRef = 52E98C0122FDBEF800F3B537 /* ViewController.swift */; };
		52E98C0522FDBEF800F3B537 /* Main.storyboard in Resources */ = {isa = PBXBuildFile; fileRef = 52E98C0322FDBEF800F3B537 /* Main.storyboard */; };
		52E98C0722FDBEFA00F3B537 /* Assets.xcassets in Resources */ = {isa = PBXBuildFile; fileRef = 52E98C0622FDBEFA00F3B537 /* Assets.xcassets */; };
		52E98C0A22FDBEFA00F3B537 /* LaunchScreen.storyboard in Resources */ = {isa = PBXBuildFile; fileRef = 52E98C0822FDBEFA00F3B537 /* LaunchScreen.storyboard */; };
		52E98C1422FDFD1F00F3B537 /* Constants.swift in Sources */ = {isa = PBXBuildFile; fileRef = 52E98C1322FDFD1F00F3B537 /* Constants.swift */; };
		52E98C1922FE01FF00F3B537 /* EXTENSION.swift in Sources */ = {isa = PBXBuildFile; fileRef = 52E98C1822FE01FF00F3B537 /* EXTENSION.swift */; };
		52E98C1B22FE1AB400F3B537 /* ProgramController.swift in Sources */ = {isa = PBXBuildFile; fileRef = 52E98C1A22FE1AB400F3B537 /* ProgramController.swift */; };
		52E98C1E22FE2BF800F3B537 /* Show.swift in Sources */ = {isa = PBXBuildFile; fileRef = 52E98C1D22FE2BF800F3B537 /* Show.swift */; };
		52E98C2222FE335C00F3B537 /* ShowTCell.swift in Sources */ = {isa = PBXBuildFile; fileRef = 52E98C2022FE335C00F3B537 /* ShowTCell.swift */; };
		52E98C2322FE335C00F3B537 /* ShowTCell.xib in Resources */ = {isa = PBXBuildFile; fileRef = 52E98C2122FE335C00F3B537 /* ShowTCell.xib */; };
		52F1E3BA23042B6600B2C38B /* Reachability.swift in Sources */ = {isa = PBXBuildFile; fileRef = 52F1E3B923042B6600B2C38B /* Reachability.swift */; };
/* End PBXBuildFile section */

/* Begin PBXFileReference section */
		52509180235E0076009E1022 /* GoogleService-Info.plist */ = {isa = PBXFileReference; fileEncoding = 4; lastKnownFileType = text.plist.xml; path = "GoogleService-Info.plist"; sourceTree = "<group>"; };
		52E98BFC22FDBEF800F3B537 /* Radio1.app */ = {isa = PBXFileReference; explicitFileType = wrapper.application; includeInIndex = 0; path = Radio1.app; sourceTree = BUILT_PRODUCTS_DIR; };
		52E98BFF22FDBEF800F3B537 /* AppDelegate.swift */ = {isa = PBXFileReference; lastKnownFileType = sourcecode.swift; path = AppDelegate.swift; sourceTree = "<group>"; };
		52E98C0122FDBEF800F3B537 /* ViewController.swift */ = {isa = PBXFileReference; lastKnownFileType = sourcecode.swift; path = ViewController.swift; sourceTree = "<group>"; };
		52E98C0422FDBEF800F3B537 /* Base */ = {isa = PBXFileReference; lastKnownFileType = file.storyboard; name = Base; path = Base.lproj/Main.storyboard; sourceTree = "<group>"; };
		52E98C0622FDBEFA00F3B537 /* Assets.xcassets */ = {isa = PBXFileReference; lastKnownFileType = folder.assetcatalog; path = Assets.xcassets; sourceTree = "<group>"; };
		52E98C0922FDBEFA00F3B537 /* Base */ = {isa = PBXFileReference; lastKnownFileType = file.storyboard; name = Base; path = Base.lproj/LaunchScreen.storyboard; sourceTree = "<group>"; };
		52E98C0B22FDBEFA00F3B537 /* Info.plist */ = {isa = PBXFileReference; lastKnownFileType = text.plist.xml; path = Info.plist; sourceTree = "<group>"; };
		52E98C1322FDFD1F00F3B537 /* Constants.swift */ = {isa = PBXFileReference; lastKnownFileType = sourcecode.swift; path = Constants.swift; sourceTree = "<group>"; };
		52E98C1822FE01FF00F3B537 /* EXTENSION.swift */ = {isa = PBXFileReference; lastKnownFileType = sourcecode.swift; path = EXTENSION.swift; sourceTree = "<group>"; };
		52E98C1A22FE1AB400F3B537 /* ProgramController.swift */ = {isa = PBXFileReference; lastKnownFileType = sourcecode.swift; path = ProgramController.swift; sourceTree = "<group>"; };
		52E98C1D22FE2BF800F3B537 /* Show.swift */ = {isa = PBXFileReference; lastKnownFileType = sourcecode.swift; path = Show.swift; sourceTree = "<group>"; };
		52E98C2022FE335C00F3B537 /* ShowTCell.swift */ = {isa = PBXFileReference; lastKnownFileType = sourcecode.swift; path = ShowTCell.swift; sourceTree = "<group>"; };
		52E98C2122FE335C00F3B537 /* ShowTCell.xib */ = {isa = PBXFileReference; lastKnownFileType = file.xib; path = ShowTCell.xib; sourceTree = "<group>"; };
		52F1E3B923042B6600B2C38B /* Reachability.swift */ = {isa = PBXFileReference; lastKnownFileType = sourcecode.swift; path = Reachability.swift; sourceTree = "<group>"; };
/* End PBXFileReference section */

/* Begin PBXFrameworksBuildPhase section */
		52E98BF922FDBEF800F3B537 /* Frameworks */ = {
			isa = PBXFrameworksBuildPhase;
			buildActionMask = 2147483647;
			files = (
			);
			runOnlyForDeploymentPostprocessing = 0;
		};
/* End PBXFrameworksBuildPhase section */

/* Begin PBXGroup section */
		52E98BF322FDBEF700F3B537 = {
			isa = PBXGroup;
			children = (
				52E98BFE22FDBEF800F3B537 /* Radio1 */,
				52E98BFD22FDBEF800F3B537 /* Products */,
			);
			sourceTree = "<group>";
		};
		52E98BFD22FDBEF800F3B537 /* Products */ = {
			isa = PBXGroup;
			children = (
				52E98BFC22FDBEF800F3B537 /* Radio1.app */,
			);
			name = Products;
			sourceTree = "<group>";
		};
		52E98BFE22FDBEF800F3B537 /* Radio1 */ = {
			isa = PBXGroup;
			children = (
				52E98C1F22FE334C00F3B537 /* VIEWS */,
				52E98C1C22FE2BEA00F3B537 /* MODEL */,
				52E98C1522FDFEDC00F3B537 /* CONTROLLERS */,
				52E98BFF22FDBEF800F3B537 /* AppDelegate.swift */,
				52E98C0322FDBEF800F3B537 /* Main.storyboard */,
				52E98C0622FDBEFA00F3B537 /* Assets.xcassets */,
				52E98C0822FDBEFA00F3B537 /* LaunchScreen.storyboard */,
				52509180235E0076009E1022 /* GoogleService-Info.plist */,
				52E98C0B22FDBEFA00F3B537 /* Info.plist */,
				52E98C1322FDFD1F00F3B537 /* Constants.swift */,
				52E98C1822FE01FF00F3B537 /* EXTENSION.swift */,
				52F1E3B923042B6600B2C38B /* Reachability.swift */,
			);
			path = Radio1;
			sourceTree = "<group>";
		};
		52E98C1522FDFEDC00F3B537 /* CONTROLLERS */ = {
			isa = PBXGroup;
			children = (
				52E98C0122FDBEF800F3B537 /* ViewController.swift */,
				52E98C1A22FE1AB400F3B537 /* ProgramController.swift */,
			);
			path = CONTROLLERS;
			sourceTree = "<group>";
		};
		52E98C1C22FE2BEA00F3B537 /* MODEL */ = {
			isa = PBXGroup;
			children = (
				52E98C1D22FE2BF800F3B537 /* Show.swift */,
			);
			path = MODEL;
			sourceTree = "<group>";
		};
		52E98C1F22FE334C00F3B537 /* VIEWS */ = {
			isa = PBXGroup;
			children = (
				52E98C2022FE335C00F3B537 /* ShowTCell.swift */,
				52E98C2122FE335C00F3B537 /* ShowTCell.xib */,
			);
			path = VIEWS;
			sourceTree = "<group>";
		};
/* End PBXGroup section */

/* Begin PBXNativeTarget section */
		52E98BFB22FDBEF800F3B537 /* Radio1 */ = {
			isa = PBXNativeTarget;
			buildConfigurationList = 52E98C0E22FDBEFA00F3B537 /* Build configuration list for PBXNativeTarget "Radio1" */;
			buildPhases = (
				9ED5DF133D185B469CE82C50 /* [CP] Check Pods Manifest.lock */,
				52E98BF822FDBEF800F3B537 /* Sources */,
				52E98BF922FDBEF800F3B537 /* Frameworks */,
				52E98BFA22FDBEF800F3B537 /* Resources */,
				110F6C31449844658AD6F5FF /* [CP] Embed Pods Frameworks */,
			);
			buildRules = (
			);
			dependencies = (
			);
			name = Radio1;
			productName = Radio1;
			productReference = 52E98BFC22FDBEF800F3B537 /* Radio1.app */;
			productType = "com.apple.product-type.application";
		};
/* End PBXNativeTarget section */

/* Begin PBXProject section */
		52E98BF422FDBEF700F3B537 /* Project object */ = {
			isa = PBXProject;
			attributes = {
				LastSwiftUpdateCheck = 1030;
				LastUpgradeCheck = 1030;
				ORGANIZATIONNAME = Radio1;
				TargetAttributes = {
					52E98BFB22FDBEF800F3B537 = {
						CreatedOnToolsVersion = 10.3;
						SystemCapabilities = {
							com.apple.BackgroundModes = {
								enabled = 1;
							};
						};
					};
				};
			};
			buildConfigurationList = 52E98BF722FDBEF700F3B537 /* Build configuration list for PBXProject "Radio1" */;
			compatibilityVersion = "Xcode 9.3";
			developmentRegion = en;
			hasScannedForEncodings = 0;
			knownRegions = (
				en,
				Base,
			);
			mainGroup = 52E98BF322FDBEF700F3B537;
			productRefGroup = 52E98BFD22FDBEF800F3B537 /* Products */;
			projectDirPath = "";
			projectRoot = "";
			targets = (
				52E98BFB22FDBEF800F3B537 /* Radio1 */,
			);
		};
/* End PBXProject section */

/* Begin PBXResourcesBuildPhase section */
		52E98BFA22FDBEF800F3B537 /* Resources */ = {
			isa = PBXResourcesBuildPhase;
			buildActionMask = 2147483647;
			files = (
				52E98C0A22FDBEFA00F3B537 /* LaunchScreen.storyboard in Resources */,
				52E98C0722FDBEFA00F3B537 /* Assets.xcassets in Resources */,
				52509181235E0076009E1022 /* GoogleService-Info.plist in Resources */,
				52E98C0522FDBEF800F3B537 /* Main.storyboard in Resources */,
				52E98C2322FE335C00F3B537 /* ShowTCell.xib in Resources */,
			);
			runOnlyForDeploymentPostprocessing = 0;
		};
/* End PBXResourcesBuildPhase section */

/* Begin PBXShellScriptBuildPhase section */
		110F6C31449844658AD6F5FF /* [CP] Embed Pods Frameworks */ = {
			isa = PBXShellScriptBuildPhase;
			buildActionMask = 2147483647;
			files = (
			);
			inputFileListPaths = (
				"${PODS_ROOT}/Target Support Files/Pods-Radio1/Pods-Radio1-frameworks-${CONFIGURATION}-input-files.xcfilelist",
			);
			name = "[CP] Embed Pods Frameworks";
			outputFileListPaths = (
				"${PODS_ROOT}/Target Support Files/Pods-Radio1/Pods-Radio1-frameworks-${CONFIGURATION}-output-files.xcfilelist",
			);
			runOnlyForDeploymentPostprocessing = 0;
			shellPath = /bin/sh;
			shellScript = "\"${PODS_ROOT}/Target Support Files/Pods-Radio1/Pods-Radio1-frameworks.sh\"\n";
			showEnvVarsInLog = 0;
		};
		9ED5DF133D185B469CE82C50 /* [CP] Check Pods Manifest.lock */ = {
			isa = PBXShellScriptBuildPhase;
			buildActionMask = 2147483647;
			files = (
			);
			inputFileListPaths = (
			);
			inputPaths = (
				"${PODS_PODFILE_DIR_PATH}/Podfile.lock",
				"${PODS_ROOT}/Manifest.lock",
			);
			name = "[CP] Check Pods Manifest.lock";
			outputFileListPaths = (
			);
			outputPaths = (
				"$(DERIVED_FILE_DIR)/Pods-Radio1-checkManifestLockResult.txt",
			);
			runOnlyForDeploymentPostprocessing = 0;
			shellPath = /bin/sh;
			shellScript = "diff \"${PODS_PODFILE_DIR_PATH}/Podfile.lock\" \"${PODS_ROOT}/Manifest.lock\" > /dev/null\nif [ $? != 0 ] ; then\n    # print error to STDERR\n    echo \"error: The sandbox is not in sync with the Podfile.lock. Run 'pod install' or update your CocoaPods installation.\" >&2\n    exit 1\nfi\n# This output is used by Xcode 'outputs' to avoid re-running this script phase.\necho \"SUCCESS\" > \"${SCRIPT_OUTPUT_FILE_0}\"\n";
			showEnvVarsInLog = 0;
		};
/* End PBXShellScriptBuildPhase section */

/* Begin PBXSourcesBuildPhase section */
		52E98BF822FDBEF800F3B537 /* Sources */ = {
			isa = PBXSourcesBuildPhase;
			buildActionMask = 2147483647;
			files = (
				52E98C0222FDBEF800F3B537 /* ViewController.swift in Sources */,
				52E98C0022FDBEF800F3B537 /* AppDelegate.swift in Sources */,
				52E98C1422FDFD1F00F3B537 /* Constants.swift in Sources */,
				52E98C1E22FE2BF800F3B537 /* Show.swift in Sources */,
				52E98C2222FE335C00F3B537 /* ShowTCell.swift in Sources */,
				52E98C1922FE01FF00F3B537 /* EXTENSION.swift in Sources */,
				52F1E3BA23042B6600B2C38B /* Reachability.swift in Sources */,
				52E98C1B22FE1AB400F3B537 /* ProgramController.swift in Sources */,
			);
			runOnlyForDeploymentPostprocessing = 0;
		};
/* End PBXSourcesBuildPhase section */

/* Begin PBXVariantGroup section */
		52E98C0322FDBEF800F3B537 /* Main.storyboard */ = {
			isa = PBXVariantGroup;
			children = (
				52E98C0422FDBEF800F3B537 /* Base */,
			);
			name = Main.storyboard;
			sourceTree = "<group>";
		};
		52E98C0822FDBEFA00F3B537 /* LaunchScreen.storyboard */ = {
			isa = PBXVariantGroup;
			children = (
				52E98C0922FDBEFA00F3B537 /* Base */,
			);
			name = LaunchScreen.storyboard;
			sourceTree = "<group>";
		};
/* End PBXVariantGroup section */

/* Begin XCBuildConfiguration section */
		52E98C0C22FDBEFA00F3B537 /* Debug */ = {
			isa = XCBuildConfiguration;
			buildSettings = {
				ALWAYS_SEARCH_USER_PATHS = NO;
				CLANG_ANALYZER_NONNULL = YES;
				CLANG_ANALYZER_NUMBER_OBJECT_CONVERSION = YES_AGGRESSIVE;
				CLANG_CXX_LANGUAGE_STANDARD = "gnu++14";
				CLANG_CXX_LIBRARY = "libc++";
				CLANG_ENABLE_MODULES = YES;
				CLANG_ENABLE_OBJC_ARC = YES;
				CLANG_ENABLE_OBJC_WEAK = YES;
				CLANG_WARN_BLOCK_CAPTURE_AUTORELEASING = YES;
				CLANG_WARN_BOOL_CONVERSION = YES;
				CLANG_WARN_COMMA = YES;
				CLANG_WARN_CONSTANT_CONVERSION = YES;
				CLANG_WARN_DEPRECATED_OBJC_IMPLEMENTATIONS = YES;
				CLANG_WARN_DIRECT_OBJC_ISA_USAGE = YES_ERROR;
				CLANG_WARN_DOCUMENTATION_COMMENTS = YES;
				CLANG_WARN_EMPTY_BODY = YES;
				CLANG_WARN_ENUM_CONVERSION = YES;
				CLANG_WARN_INFINITE_RECURSION = YES;
				CLANG_WARN_INT_CONVERSION = YES;
				CLANG_WARN_NON_LITERAL_NULL_CONVERSION = YES;
				CLANG_WARN_OBJC_IMPLICIT_RETAIN_SELF = YES;
				CLANG_WARN_OBJC_LITERAL_CONVERSION = YES;
				CLANG_WARN_OBJC_ROOT_CLASS = YES_ERROR;
				CLANG_WARN_RANGE_LOOP_ANALYSIS = YES;
				CLANG_WARN_STRICT_PROTOTYPES = YES;
				CLANG_WARN_SUSPICIOUS_MOVE = YES;
				CLANG_WARN_UNGUARDED_AVAILABILITY = YES_AGGRESSIVE;
				CLANG_WARN_UNREACHABLE_CODE = YES;
				CLANG_WARN__DUPLICATE_METHOD_MATCH = YES;
				CODE_SIGN_IDENTITY = "iPhone Developer";
				COPY_PHASE_STRIP = NO;
				DEBUG_INFORMATION_FORMAT = dwarf;
				ENABLE_STRICT_OBJC_MSGSEND = YES;
				ENABLE_TESTABILITY = YES;
				GCC_C_LANGUAGE_STANDARD = gnu11;
				GCC_DYNAMIC_NO_PIC = NO;
				GCC_NO_COMMON_BLOCKS = YES;
				GCC_OPTIMIZATION_LEVEL = 0;
				GCC_PREPROCESSOR_DEFINITIONS = (
					"DEBUG=1",
					"$(inherited)",
				);
				GCC_WARN_64_TO_32_BIT_CONVERSION = YES;
				GCC_WARN_ABOUT_RETURN_TYPE = YES_ERROR;
				GCC_WARN_UNDECLARED_SELECTOR = YES;
				GCC_WARN_UNINITIALIZED_AUTOS = YES_AGGRESSIVE;
				GCC_WARN_UNUSED_FUNCTION = YES;
				GCC_WARN_UNUSED_VARIABLE = YES;
				IPHONEOS_DEPLOYMENT_TARGET = 12.4;
				MTL_ENABLE_DEBUG_INFO = INCLUDE_SOURCE;
				MTL_FAST_MATH = YES;
				ONLY_ACTIVE_ARCH = YES;
				SDKROOT = iphoneos;
				SWIFT_ACTIVE_COMPILATION_CONDITIONS = DEBUG;
				SWIFT_OPTIMIZATION_LEVEL = "-Onone";
			};
			name = Debug;
		};
		52E98C0D22FDBEFA00F3B537 /* Release */ = {
			isa = XCBuildConfiguration;
			buildSettings = {
				ALWAYS_SEARCH_USER_PATHS = NO;
				CLANG_ANALYZER_NONNULL = YES;
				CLANG_ANALYZER_NUMBER_OBJECT_CONVERSION = YES_AGGRESSIVE;
				CLANG_CXX_LANGUAGE_STANDARD = "gnu++14";
				CLANG_CXX_LIBRARY = "libc++";
				CLANG_ENABLE_MODULES = YES;
				CLANG_ENABLE_OBJC_ARC = YES;
				CLANG_ENABLE_OBJC_WEAK = YES;
				CLANG_WARN_BLOCK_CAPTURE_AUTORELEASING = YES;
				CLANG_WARN_BOOL_CONVERSION = YES;
				CLANG_WARN_COMMA = YES;
				CLANG_WARN_CONSTANT_CONVERSION = YES;
				CLANG_WARN_DEPRECATED_OBJC_IMPLEMENTATIONS = YES;
				CLANG_WARN_DIRECT_OBJC_ISA_USAGE = YES_ERROR;
				CLANG_WARN_DOCUMENTATION_COMMENTS = YES;
				CLANG_WARN_EMPTY_BODY = YES;
				CLANG_WARN_ENUM_CONVERSION = YES;
				CLANG_WARN_INFINITE_RECURSION = YES;
				CLANG_WARN_INT_CONVERSION = YES;
				CLANG_WARN_NON_LITERAL_NULL_CONVERSION = YES;
				CLANG_WARN_OBJC_IMPLICIT_RETAIN_SELF = YES;
				CLANG_WARN_OBJC_LITERAL_CONVERSION = YES;
				CLANG_WARN_OBJC_ROOT_CLASS = YES_ERROR;
				CLANG_WARN_RANGE_LOOP_ANALYSIS = YES;
				CLANG_WARN_STRICT_PROTOTYPES = YES;
				CLANG_WARN_SUSPICIOUS_MOVE = YES;
				CLANG_WARN_UNGUARDED_AVAILABILITY = YES_AGGRESSIVE;
				CLANG_WARN_UNREACHABLE_CODE = YES;
				CLANG_WARN__DUPLICATE_METHOD_MATCH = YES;
				CODE_SIGN_IDENTITY = "iPhone Developer";
				COPY_PHASE_STRIP = NO;
				DEBUG_INFORMATION_FORMAT = "dwarf-with-dsym";
				ENABLE_NS_ASSERTIONS = NO;
				ENABLE_STRICT_OBJC_MSGSEND = YES;
				GCC_C_LANGUAGE_STANDARD = gnu11;
				GCC_NO_COMMON_BLOCKS = YES;
				GCC_WARN_64_TO_32_BIT_CONVERSION = YES;
				GCC_WARN_ABOUT_RETURN_TYPE = YES_ERROR;
				GCC_WARN_UNDECLARED_SELECTOR = YES;
				GCC_WARN_UNINITIALIZED_AUTOS = YES_AGGRESSIVE;
				GCC_WARN_UNUSED_FUNCTION = YES;
				GCC_WARN_UNUSED_VARIABLE = YES;
				IPHONEOS_DEPLOYMENT_TARGET = 12.4;
				MTL_ENABLE_DEBUG_INFO = NO;
				MTL_FAST_MATH = YES;
				SDKROOT = iphoneos;
				SWIFT_COMPILATION_MODE = wholemodule;
				SWIFT_OPTIMIZATION_LEVEL = "-O";
				VALIDATE_PRODUCT = YES;
			};
			name = Release;
		};
		52E98C0F22FDBEFA00F3B537 /* Debug */ = {
			isa = XCBuildConfiguration;
			buildSettings = {
				ASSETCATALOG_COMPILER_APPICON_NAME = AppIcon;
				CODE_SIGN_STYLE = Automatic;
				CURRENT_PROJECT_VERSION = 1;
				DEVELOPMENT_TEAM = 89G4S5ZRQ6;
				FRAMEWORK_SEARCH_PATHS = (
					"$(inherited)",
					"$(PROJECT_DIR)/Radio1",
				);
				INFOPLIST_FILE = Radio1/Info.plist;
				IPHONEOS_DEPLOYMENT_TARGET = 10;
				LD_RUNPATH_SEARCH_PATHS = (
					"$(inherited)",
					"@executable_path/Frameworks",
				);
				MARKETING_VERSION = 1.13;
				PRODUCT_BUNDLE_IDENTIFIER = tenton.radioone;
				PRODUCT_NAME = "$(TARGET_NAME)";
				SWIFT_VERSION = 5.0;
				TARGETED_DEVICE_FAMILY = "1,2";
			};
			name = Debug;
		};
		52E98C1022FDBEFA00F3B537 /* Release */ = {
			isa = XCBuildConfiguration;
			buildSettings = {
				ASSETCATALOG_COMPILER_APPICON_NAME = AppIcon;
				CODE_SIGN_STYLE = Automatic;
				CURRENT_PROJECT_VERSION = 1;
				DEVELOPMENT_TEAM = 89G4S5ZRQ6;
				FRAMEWORK_SEARCH_PATHS = (
					"$(inherited)",
					"$(PROJECT_DIR)/Radio1",
				);
				INFOPLIST_FILE = Radio1/Info.plist;
				IPHONEOS_DEPLOYMENT_TARGET = 10;
				LD_RUNPATH_SEARCH_PATHS = (
					"$(inherited)",
					"@executable_path/Frameworks",
				);
				MARKETING_VERSION = 1.13;
				PRODUCT_BUNDLE_IDENTIFIER = tenton.radioone;
				PRODUCT_NAME = "$(TARGET_NAME)";
				SWIFT_VERSION = 5.0;
				TARGETED_DEVICE_FAMILY = "1,2";
			};
			name = Release;
		};
/* End XCBuildConfiguration section */

/* Begin XCConfigurationList section */
		52E98BF722FDBEF700F3B537 /* Build configuration list for PBXProject "Radio1" */ = {
			isa = XCConfigurationList;
			buildConfigurations = (
				52E98C0C22FDBEFA00F3B537 /* Debug */,
				52E98C0D22FDBEFA00F3B537 /* Release */,
			);
			defaultConfigurationIsVisible = 0;
			defaultConfigurationName = Release;
		};
		52E98C0E22FDBEFA00F3B537 /* Build configuration list for PBXNativeTarget "Radio1" */ = {
			isa = XCConfigurationList;
			buildConfigurations = (
				52E98C0F22FDBEFA00F3B537 /* Debug */,
				52E98C1022FDBEFA00F3B537 /* Release */,
			);
			defaultConfigurationIsVisible = 0;
			defaultConfigurationName = Release;
		};
/* End XCConfigurationList section */
	};
	rootObject = 52E98BF422FDBEF700F3B537 /* Project object */;
}
